
Microsoft Visual Studio Solution File, Format Version 12.00
# Visual Studio Version 17
VisualStudioVersion = 17.12.35707.178
MinimumVisualStudioVersion = 10.0.40219.1
Project("{FAE04EC0-301F-11D3-BF4B-00C04F79EFBC}") = "Grupo404", "Grupo404.csproj", "{8931565D-37D5-43CB-B72A-E2B7D9F29CE2}"
EndProject
Project("{FAE04EC0-301F-11D3-BF4B-00C04F79EFBC}") = "Grupo404.Abstracciones", "..\Grupo404.Abstracciones\Grupo404.Abstracciones.csproj", "{B3C92BB6-BAE6-4738-940E-4ED5D0956E3F}"
EndProject
Project("{FAE04EC0-301F-11D3-BF4B-00C04F79EFBC}") = "Grupo404.AccesoADatos", "..\Grupo404.AccesoADatos\Grupo404.AccesoADatos.csproj", "{6805A36C-3B69-4849-928F-1337C55E1DFD}"
EndProject
Project("{FAE04EC0-301F-11D3-BF4B-00C04F79EFBC}") = "Grupo404.LogicaDeNegocio", "..\Grupo404.LogicaDeNegocio\Grupo404.LogicaDeNegocio.csproj", "{1572534D-0131-4ECD-A3C7-9713C80F59BD}"
EndProject
Global
	GlobalSection(SolutionConfigurationPlatforms) = preSolution
		Debug|Any CPU = Debug|Any CPU
		Release|Any CPU = Release|Any CPU
	EndGlobalSection
	GlobalSection(ProjectConfigurationPlatforms) = postSolution
		{8931565D-37D5-43CB-B72A-E2B7D9F29CE2}.Debug|Any CPU.ActiveCfg = Debug|Any CPU
		{8931565D-37D5-43CB-B72A-E2B7D9F29CE2}.Debug|Any CPU.Build.0 = Debug|Any CPU
		{8931565D-37D5-43CB-B72A-E2B7D9F29CE2}.Release|Any CPU.ActiveCfg = Release|Any CPU
		{8931565D-37D5-43CB-B72A-E2B7D9F29CE2}.Release|Any CPU.Build.0 = Release|Any CPU
		{B3C92BB6-BAE6-4738-940E-4ED5D0956E3F}.Debug|Any CPU.ActiveCfg = Debug|Any CPU
		{B3C92BB6-BAE6-4738-940E-4ED5D0956E3F}.Debug|Any CPU.Build.0 = Debug|Any CPU
		{B3C92BB6-BAE6-4738-940E-4ED5D0956E3F}.Release|Any CPU.ActiveCfg = Release|Any CPU
		{B3C92BB6-BAE6-4738-940E-4ED5D0956E3F}.Release|Any CPU.Build.0 = Release|Any CPU
		{6805A36C-3B69-4849-928F-1337C55E1DFD}.Debug|Any CPU.ActiveCfg = Debug|Any CPU
		{6805A36C-3B69-4849-928F-1337C55E1DFD}.Debug|Any CPU.Build.0 = Debug|Any CPU
		{6805A36C-3B69-4849-928F-1337C55E1DFD}.Release|Any CPU.ActiveCfg = Release|Any CPU
		{6805A36C-3B69-4849-928F-1337C55E1DFD}.Release|Any CPU.Build.0 = Release|Any CPU
		{1572534D-0131-4ECD-A3C7-9713C80F59BD}.Debug|Any CPU.ActiveCfg = Debug|Any CPU
		{1572534D-0131-4ECD-A3C7-9713C80F59BD}.Debug|Any CPU.Build.0 = Debug|Any CPU
		{1572534D-0131-4ECD-A3C7-9713C80F59BD}.Release|Any CPU.ActiveCfg = Release|Any CPU
		{1572534D-0131-4ECD-A3C7-9713C80F59BD}.Release|Any CPU.Build.0 = Release|Any CPU
	EndGlobalSection
	GlobalSection(SolutionProperties) = preSolution
		HideSolutionNode = FALSE
	EndGlobalSection
EndGlobal
